{
  "name": "@rbxts/virtualized-list",
  "version": "1.3.2-ts.0",
  "lockfileVersion": 3,
  "requires": true,
  "packages": {
    "": {
      "name": "@rbxts/virtualized-list",
      "version": "1.3.2-ts.0",
      "license": "MIT",
      "dependencies": {
        "@rbxts/flipper": "^2.0.1",
        "@rbxts/luau-polyfill-internal": "^1.2.3-ts.0",
        "@rbxts/react": "^17.2.1"
      },
      "devDependencies": {
        "@rbxts/compiler-types": "^2.2.0-types.0",
        "@rbxts/types": "^1.0.813"
      }
    },
    "node_modules/@rbxts/compiler-types": {
      "version": "2.2.0-types.0",
      "resolved": "https://registry.npmjs.org/@rbxts/compiler-types/-/compiler-types-2.2.0-types.0.tgz",
      "integrity": "sha512-ycsIGfp49MypbRi4eEPCXTjbb2iLKL1/2GjRrFLuLJL74fCfVtbAXIo2LiZhPrgqIiBLomb4JN5Rcqv4304bzw==",
      "dev": true
    },
    "node_modules/@rbxts/flipper": {
      "version": "2.0.1",
      "resolved": "https://registry.npmjs.org/@rbxts/flipper/-/flipper-2.0.1.tgz",
      "integrity": "sha512-kxb5AZizP05XSmo3waS/QkcfNMD5b6HX4gGwyHOyBow260R5MIT4L/ZUPLvleXXyb9b67X4NVmHoac1tPXOLNA=="
    },
    "node_modules/@rbxts/luau-polyfill-internal": {
      "version": "1.2.3-ts.0",
      "resolved": "https://registry.npmjs.org/@rbxts/luau-polyfill-internal/-/luau-polyfill-internal-1.2.3-ts.0.tgz",
      "integrity": "sha512-LG1h4uf+MpMxu6RfOLowRe+NOs2SWXzCmYd49WvfR8ZKVUNHvT0BeVIL9rS9q//mTlz8BXDyl5EVIyjnKgsekA=="
    },
    "node_modules/@rbxts/react": {
      "version": "17.2.1",
      "resolved": "https://registry.npmjs.org/@rbxts/react/-/react-17.2.1.tgz",
      "integrity": "sha512-iu0RsVvfHroI7l+QXjwE0FiWV2rXoKMxuznDZ8vnx2BsFqrPnCqFjXuNeGYZwibibZC6jbyq7uKl+/8cz7XlsA==",
      "dependencies": {
        "@rbxts/react-vendor": "17.2.1"
      }
    },
    "node_modules/@rbxts/react-vendor": {
      "version": "17.2.1",
      "resolved": "https://registry.npmjs.org/@rbxts/react-vendor/-/react-vendor-17.2.1.tgz",
      "integrity": "sha512-7DxFweCbhhso4M4tl1pO7Kil9SZrvOl1SoZ4lnwUfoxdHvSmWgeKgaUqd+ZS3/u1E8kRraqGQ56Q8zjUEEUzlA=="
    },
    "node_modules/@rbxts/types": {
      "version": "1.0.813",
      "resolved": "https://registry.npmjs.org/@rbxts/types/-/types-1.0.813.tgz",
      "integrity": "sha512-Qpsmqnl+TNdl5AYqKFkYHyUrv652r30qK6A3GObOyDz+cvn8i+HE61mO021oq0nu1FcA4pMHbYqLSbv2CMF9Ig==",
      "dev": true
    }
  }
}
